
Microsoft Visual Studio Solution File, Format Version 12.00
# Visual Studio Version 16
VisualStudioVersion = 16.0.30002.166
MinimumVisualStudioVersion = 10.0.40219.1
Project("{9A19103F-16F7-4668-BE54-9A1E7A4F7556}") = "MVsDotNetAMSIClient", "MVsDotNetAMSIClient\MVsDotNetAMSIClient.csproj", "{5E4E400A-26BF-4903-8455-9C6D22F49377}"
EndProject
Project("{9A19103F-16F7-4668-BE54-9A1E7A4F7556}") = "MVsDotNetAMSIClient.UnitTests", "MVsDotNetAMSIClient.UnitTests\MVsDotNetAMSIClient.UnitTests.csproj", "{CE1C18C7-7A76-4F6C-9BA4-64FC5CFADF0D}"
EndProject
Project("{9A19103F-16F7-4668-BE54-9A1E7A4F7556}") = "MVsDotNetAMSIClient.Contracts", "MVsDotNetAMSIClient.Contracts\MVsDotNetAMSIClient.Contracts.csproj", "{0109C80D-9378-4428-9ECE-4D47E7E2CAB5}"
EndProject
Global
	GlobalSection(SolutionConfigurationPlatforms) = preSolution
		Debug|Any CPU = Debug|Any CPU
		Release|Any CPU = Release|Any CPU
	EndGlobalSection
	GlobalSection(ProjectConfigurationPlatforms) = postSolution
		{5E4E400A-26BF-4903-8455-9C6D22F49377}.Debug|Any CPU.ActiveCfg = Debug|Any CPU
		{5E4E400A-26BF-4903-8455-9C6D22F49377}.Debug|Any CPU.Build.0 = Debug|Any CPU
		{5E4E400A-26BF-4903-8455-9C6D22F49377}.Release|Any CPU.ActiveCfg = Release|Any CPU
		{5E4E400A-26BF-4903-8455-9C6D22F49377}.Release|Any CPU.Build.0 = Release|Any CPU
		{CE1C18C7-7A76-4F6C-9BA4-64FC5CFADF0D}.Debug|Any CPU.ActiveCfg = Debug|Any CPU
		{CE1C18C7-7A76-4F6C-9BA4-64FC5CFADF0D}.Debug|Any CPU.Build.0 = Debug|Any CPU
		{CE1C18C7-7A76-4F6C-9BA4-64FC5CFADF0D}.Release|Any CPU.ActiveCfg = Release|Any CPU
		{CE1C18C7-7A76-4F6C-9BA4-64FC5CFADF0D}.Release|Any CPU.Build.0 = Release|Any CPU
		{0109C80D-9378-4428-9ECE-4D47E7E2CAB5}.Debug|Any CPU.ActiveCfg = Debug|Any CPU
		{0109C80D-9378-4428-9ECE-4D47E7E2CAB5}.Debug|Any CPU.Build.0 = Debug|Any CPU
		{0109C80D-9378-4428-9ECE-4D47E7E2CAB5}.Release|Any CPU.ActiveCfg = Release|Any CPU
		{0109C80D-9378-4428-9ECE-4D47E7E2CAB5}.Release|Any CPU.Build.0 = Release|Any CPU
	EndGlobalSection
	GlobalSection(SolutionProperties) = preSolution
		HideSolutionNode = FALSE
	EndGlobalSection
	GlobalSection(ExtensibilityGlobals) = postSolution
		SolutionGuid = {D0748C0F-721D-4666-87C4-F0341C65C4AD}
	EndGlobalSection
EndGlobal
